
Microsoft Visual Studio Solution File, Format Version 12.00
# Visual Studio Version 16
VisualStudioVersion = 16.0.30907.101
MinimumVisualStudioVersion = 10.0.40219.1
Project("{8BC9CEB8-8B4A-11D0-8D11-00A0C91BC942}") = "k4a_test_001", "k4a_test_001\k4a_test_001.vcxproj", "{6D3F7948-1E2E-43C4-BBAE-1A8AF9F3A357}"
EndProject
Global
	GlobalSection(SolutionConfigurationPlatforms) = preSolution
		Debug|x64 = Debug|x64
		Debug|x86 = Debug|x86
		Release|x64 = Release|x64
		Release|x86 = Release|x86
	EndGlobalSection
	GlobalSection(ProjectConfigurationPlatforms) = postSolution
		{6D3F7948-1E2E-43C4-BBAE-1A8AF9F3A357}.Debug|x64.ActiveCfg = Debug|x64
		{6D3F7948-1E2E-43C4-BBAE-1A8AF9F3A357}.Debug|x64.Build.0 = Debug|x64
		{6D3F7948-1E2E-43C4-BBAE-1A8AF9F3A357}.Debug|x86.ActiveCfg = Debug|Win32
		{6D3F7948-1E2E-43C4-BBAE-1A8AF9F3A357}.Debug|x86.Build.0 = Debug|Win32
		{6D3F7948-1E2E-43C4-BBAE-1A8AF9F3A357}.Release|x64.ActiveCfg = Release|x64
		{6D3F7948-1E2E-43C4-BBAE-1A8AF9F3A357}.Release|x64.Build.0 = Release|x64
		{6D3F7948-1E2E-43C4-BBAE-1A8AF9F3A357}.Release|x86.ActiveCfg = Release|Win32
		{6D3F7948-1E2E-43C4-BBAE-1A8AF9F3A357}.Release|x86.Build.0 = Release|Win32
	EndGlobalSection
	GlobalSection(SolutionProperties) = preSolution
		HideSolutionNode = FALSE
	EndGlobalSection
	GlobalSection(ExtensibilityGlobals) = postSolution
		SolutionGuid = {49D3A03A-E663-4028-BFE3-61DC218BAEAD}
	EndGlobalSection
EndGlobal
